
Microsoft Visual Studio Solution File, Format Version 12.00
# Visual Studio Version 16
VisualStudioVersion = 16.0.30104.148
MinimumVisualStudioVersion = 10.0.40219.1
Project("{9A19103F-16F7-4668-BE54-9A1E7A4F7556}") = "MetroidMod", "MetroidMod.csproj", "{9B861E45-E5A0-4316-9747-1EC47DAEA5C8}"
EndProject
Global
	GlobalSection(SolutionConfigurationPlatforms) = preSolution
		Debug|Any CPU = Debug|Any CPU
		Release|Any CPU = Release|Any CPU
	EndGlobalSection
	GlobalSection(ProjectConfigurationPlatforms) = postSolution
		{9B861E45-E5A0-4316-9747-1EC47DAEA5C8}.Debug|Any CPU.ActiveCfg = Debug|Any CPU
		{9B861E45-E5A0-4316-9747-1EC47DAEA5C8}.Debug|Any CPU.Build.0 = Debug|Any CPU
		{9B861E45-E5A0-4316-9747-1EC47DAEA5C8}.Release|Any CPU.ActiveCfg = Release|Any CPU
		{9B861E45-E5A0-4316-9747-1EC47DAEA5C8}.Release|Any CPU.Build.0 = Release|Any CPU
	EndGlobalSection
	GlobalSection(SolutionProperties) = preSolution
		HideSolutionNode = FALSE
	EndGlobalSection
	GlobalSection(ExtensibilityGlobals) = postSolution
		SolutionGuid = {B1F2380B-3FBE-40D2-8EA4-222E64374949}
	EndGlobalSection
EndGlobal
