
Microsoft Visual Studio Solution File, Format Version 12.00
# Visual Studio Version 17
VisualStudioVersion = 17.2.32516.85
MinimumVisualStudioVersion = 10.0.40219.1
Project("{9A19103F-16F7-4668-BE54-9A1E7A4F7556}") = "MetroidMod", "MetroidMod.csproj", "{B39EAD46-D375-41B9-89DC-D309241CBE41}"
EndProject
Project("{2150E333-8FDC-42A3-9474-1A3956D46DE8}") = "Solution Items", "Solution Items", "{8C200881-D6D9-40A8-8094-45E75ECC63F6}"
	ProjectSection(SolutionItems) = preProject
		.editorconfig = .editorconfig
	EndProjectSection
EndProject
Global
	GlobalSection(SolutionConfigurationPlatforms) = preSolution
		Debug|Any CPU = Debug|Any CPU
		Release|Any CPU = Release|Any CPU
	EndGlobalSection
	GlobalSection(ProjectConfigurationPlatforms) = postSolution
		{B39EAD46-D375-41B9-89DC-D309241CBE41}.Debug|Any CPU.ActiveCfg = Debug|Any CPU
		{B39EAD46-D375-41B9-89DC-D309241CBE41}.Debug|Any CPU.Build.0 = Debug|Any CPU
		{B39EAD46-D375-41B9-89DC-D309241CBE41}.Release|Any CPU.ActiveCfg = Release|Any CPU
		{B39EAD46-D375-41B9-89DC-D309241CBE41}.Release|Any CPU.Build.0 = Release|Any CPU
	EndGlobalSection
	GlobalSection(SolutionProperties) = preSolution
		HideSolutionNode = FALSE
	EndGlobalSection
	GlobalSection(ExtensibilityGlobals) = postSolution
		SolutionGuid = {770023C3-E47A-4CF3-8DB7-D191264EAEAA}
	EndGlobalSection
EndGlobal
